
Microsoft Visual Studio Solution File, Format Version 12.00
# Visual Studio Version 17
VisualStudioVersion = 17.11.35312.102
MinimumVisualStudioVersion = 10.0.40219.1
Project("{FAE04EC0-301F-11D3-BF4B-00C04F79EFBC}") = "simuladorDeMenus", "simuladorDeMenus\simuladorDeMenus.csproj", "{4DD381BD-5577-4FF9-B768-3703E6CA94BC}"
EndProject
Global
	GlobalSection(SolutionConfigurationPlatforms) = preSolution
		Debug|Any CPU = Debug|Any CPU
		Release|Any CPU = Release|Any CPU
	EndGlobalSection
	GlobalSection(ProjectConfigurationPlatforms) = postSolution
		{4DD381BD-5577-4FF9-B768-3703E6CA94BC}.Debug|Any CPU.ActiveCfg = Debug|Any CPU
		{4DD381BD-5577-4FF9-B768-3703E6CA94BC}.Debug|Any CPU.Build.0 = Debug|Any CPU
		{4DD381BD-5577-4FF9-B768-3703E6CA94BC}.Release|Any CPU.ActiveCfg = Release|Any CPU
		{4DD381BD-5577-4FF9-B768-3703E6CA94BC}.Release|Any CPU.Build.0 = Release|Any CPU
	EndGlobalSection
	GlobalSection(SolutionProperties) = preSolution
		HideSolutionNode = FALSE
	EndGlobalSection
	GlobalSection(ExtensibilityGlobals) = postSolution
		SolutionGuid = {5A9994D1-6292-418A-B83F-347B5A3D296B}
	EndGlobalSection
EndGlobal
